// !$*UTF8*$!
{
	archiveVersion = 1;
	classes = {
	};
	objectVersion = 48;
	objects = {

/* Begin PBXBuildFile section */
		6123980F2059487000FE4DB4 /* HomeKit.framework in Frameworks */ = {isa = PBXBuildFile; fileRef = 6123980E2059487000FE4DB4 /* HomeKit.framework */; };
		612398102059489900FE4DB4 /* RxCocoa.framework in Frameworks */ = {isa = PBXBuildFile; fileRef = 612398132059489900FE4DB4 /* RxCocoa.framework */; };
		612398112059489900FE4DB4 /* RxHome.framework in Frameworks */ = {isa = PBXBuildFile; fileRef = 612398142059489900FE4DB4 /* RxHome.framework */; };
		612398122059489900FE4DB4 /* RxSwift.framework in Frameworks */ = {isa = PBXBuildFile; fileRef = 612398152059489900FE4DB4 /* RxSwift.framework */; };
		61907ADC205947AC00851620 /* AppDelegate.swift in Sources */ = {isa = PBXBuildFile; fileRef = 61907ADB205947AC00851620 /* AppDelegate.swift */; };
		61907ADE205947AC00851620 /* ViewController.swift in Sources */ = {isa = PBXBuildFile; fileRef = 61907ADD205947AC00851620 /* ViewController.swift */; };
		61907AE1205947AC00851620 /* Main.storyboard in Resources */ = {isa = PBXBuildFile; fileRef = 61907ADF205947AC00851620 /* Main.storyboard */; };
		61907AE3205947AC00851620 /* Assets.xcassets in Resources */ = {isa = PBXBuildFile; fileRef = 61907AE2205947AC00851620 /* Assets.xcassets */; };
		61907AE6205947AC00851620 /* LaunchScreen.storyboard in Resources */ = {isa = PBXBuildFile; fileRef = 61907AE4205947AC00851620 /* LaunchScreen.storyboard */; };
/* End PBXBuildFile section */

/* Begin PBXFileReference section */
		6123980C2059487000FE4DB4 /* RxHome Example.entitlements */ = {isa = PBXFileReference; lastKnownFileType = text.plist.entitlements; path = "RxHome Example.entitlements"; sourceTree = "<group>"; };
		6123980E2059487000FE4DB4 /* HomeKit.framework */ = {isa = PBXFileReference; lastKnownFileType = wrapper.framework; name = HomeKit.framework; path = System/Library/Frameworks/HomeKit.framework; sourceTree = SDKROOT; };
		612398132059489900FE4DB4 /* RxCocoa.framework */ = {isa = PBXFileReference; explicitFileType = wrapper.framework; path = RxCocoa.framework; sourceTree = BUILT_PRODUCTS_DIR; };
		612398142059489900FE4DB4 /* RxHome.framework */ = {isa = PBXFileReference; explicitFileType = wrapper.framework; path = RxHome.framework; sourceTree = BUILT_PRODUCTS_DIR; };
		612398152059489900FE4DB4 /* RxSwift.framework */ = {isa = PBXFileReference; explicitFileType = wrapper.framework; path = RxSwift.framework; sourceTree = BUILT_PRODUCTS_DIR; };
		6123981C205948DC00FE4DB4 /* AppDelegate.swift */ = {isa = PBXFileReference; lastKnownFileType = sourcecode.swift; path = AppDelegate.swift; sourceTree = "<group>"; };
		6123981E205948DC00FE4DB4 /* ViewController.swift */ = {isa = PBXFileReference; lastKnownFileType = sourcecode.swift; path = ViewController.swift; sourceTree = "<group>"; };
		61239821205948DC00FE4DB4 /* Base */ = {isa = PBXFileReference; lastKnownFileType = file.storyboard; name = Base; path = Base.lproj/Main.storyboard; sourceTree = "<group>"; };
		61239823205948DC00FE4DB4 /* Assets.xcassets */ = {isa = PBXFileReference; lastKnownFileType = folder.assetcatalog; path = Assets.xcassets; sourceTree = "<group>"; };
		61239826205948DC00FE4DB4 /* Base */ = {isa = PBXFileReference; lastKnownFileType = file.storyboard; name = Base; path = Base.lproj/LaunchScreen.storyboard; sourceTree = "<group>"; };
		61239828205948DC00FE4DB4 /* Info.plist */ = {isa = PBXFileReference; lastKnownFileType = text.plist.xml; path = Info.plist; sourceTree = "<group>"; };
		61907AD8205947AC00851620 /* RxHome Example.app */ = {isa = PBXFileReference; explicitFileType = wrapper.application; includeInIndex = 0; path = "RxHome Example.app"; sourceTree = BUILT_PRODUCTS_DIR; };
		61907ADB205947AC00851620 /* AppDelegate.swift */ = {isa = PBXFileReference; lastKnownFileType = sourcecode.swift; path = AppDelegate.swift; sourceTree = "<group>"; };
		61907ADD205947AC00851620 /* ViewController.swift */ = {isa = PBXFileReference; lastKnownFileType = sourcecode.swift; path = ViewController.swift; sourceTree = "<group>"; };
		61907AE0205947AC00851620 /* Base */ = {isa = PBXFileReference; lastKnownFileType = file.storyboard; name = Base; path = Base.lproj/Main.storyboard; sourceTree = "<group>"; };
		61907AE2205947AC00851620 /* Assets.xcassets */ = {isa = PBXFileReference; lastKnownFileType = folder.assetcatalog; path = Assets.xcassets; sourceTree = "<group>"; };
		61907AE5205947AC00851620 /* Base */ = {isa = PBXFileReference; lastKnownFileType = file.storyboard; name = Base; path = Base.lproj/LaunchScreen.storyboard; sourceTree = "<group>"; };
		61907AE7205947AC00851620 /* Info.plist */ = {isa = PBXFileReference; lastKnownFileType = text.plist.xml; path = Info.plist; sourceTree = "<group>"; };
/* End PBXFileReference section */

/* Begin PBXFrameworksBuildPhase section */
		61907AD5205947AC00851620 /* Frameworks */ = {
			isa = PBXFrameworksBuildPhase;
			buildActionMask = 2147483647;
			files = (
				612398102059489900FE4DB4 /* RxCocoa.framework in Frameworks */,
				612398112059489900FE4DB4 /* RxHome.framework in Frameworks */,
				612398122059489900FE4DB4 /* RxSwift.framework in Frameworks */,
				6123980F2059487000FE4DB4 /* HomeKit.framework in Frameworks */,
			);
			runOnlyForDeploymentPostprocessing = 0;
		};
/* End PBXFrameworksBuildPhase section */

/* Begin PBXGroup section */
		6123980D2059487000FE4DB4 /* Frameworks */ = {
			isa = PBXGroup;
			children = (
				612398132059489900FE4DB4 /* RxCocoa.framework */,
				612398142059489900FE4DB4 /* RxHome.framework */,
				612398152059489900FE4DB4 /* RxSwift.framework */,
				6123980E2059487000FE4DB4 /* HomeKit.framework */,
			);
			name = Frameworks;
			sourceTree = "<group>";
		};
		6123981B205948DC00FE4DB4 /* RxHomeExampleiOS */ = {
			isa = PBXGroup;
			children = (
				6123981C205948DC00FE4DB4 /* AppDelegate.swift */,
				6123981E205948DC00FE4DB4 /* ViewController.swift */,
				61239820205948DC00FE4DB4 /* Main.storyboard */,
				61239823205948DC00FE4DB4 /* Assets.xcassets */,
				61239825205948DC00FE4DB4 /* LaunchScreen.storyboard */,
				61239828205948DC00FE4DB4 /* Info.plist */,
			);
			path = RxHomeExampleiOS;
			sourceTree = "<group>";
		};
		61907ACF205947AC00851620 = {
			isa = PBXGroup;
			children = (
				61907ADA205947AC00851620 /* RxHome Example */,
				6123981B205948DC00FE4DB4 /* RxHomeExampleiOS */,
				61907AD9205947AC00851620 /* Products */,
				6123980D2059487000FE4DB4 /* Frameworks */,
			);
			sourceTree = "<group>";
		};
		61907AD9205947AC00851620 /* Products */ = {
			isa = PBXGroup;
			children = (
				61907AD8205947AC00851620 /* RxHome Example.app */,
			);
			name = Products;
			sourceTree = "<group>";
		};
		61907ADA205947AC00851620 /* RxHome Example */ = {
			isa = PBXGroup;
			children = (
				6123980C2059487000FE4DB4 /* RxHome Example.entitlements */,
				61907ADB205947AC00851620 /* AppDelegate.swift */,
				61907ADD205947AC00851620 /* ViewController.swift */,
				61907ADF205947AC00851620 /* Main.storyboard */,
				61907AE2205947AC00851620 /* Assets.xcassets */,
				61907AE4205947AC00851620 /* LaunchScreen.storyboard */,
				61907AE7205947AC00851620 /* Info.plist */,
			);
			path = "RxHome Example";
			sourceTree = "<group>";
		};
/* End PBXGroup section */

/* Begin PBXNativeTarget section */
		61907AD7205947AC00851620 /* RxHome Example */ = {
			isa = PBXNativeTarget;
			buildConfigurationList = 61907AEA205947AC00851620 /* Build configuration list for PBXNativeTarget "RxHome Example" */;
			buildPhases = (
				61907AD4205947AC00851620 /* Sources */,
				61907AD5205947AC00851620 /* Frameworks */,
				61907AD6205947AC00851620 /* Resources */,
			);
			buildRules = (
			);
			dependencies = (
			);
			name = "RxHome Example";
			productName = "RxHome Example";
			productReference = 61907AD8205947AC00851620 /* RxHome Example.app */;
			productType = "com.apple.product-type.application";
		};
/* End PBXNativeTarget section */

/* Begin PBXProject section */
		61907AD0205947AC00851620 /* Project object */ = {
			isa = PBXProject;
			attributes = {
				LastSwiftUpdateCheck = 0920;
				LastUpgradeCheck = 0920;
				ORGANIZATIONNAME = "Matas Petrikas";
				TargetAttributes = {
					61907AD7205947AC00851620 = {
						CreatedOnToolsVersion = 9.2;
						ProvisioningStyle = Automatic;
						SystemCapabilities = {
							com.apple.HomeKit = {
								enabled = 1;
							};
						};
					};
				};
			};
			buildConfigurationList = 61907AD3205947AC00851620 /* Build configuration list for PBXProject "RxHome Example" */;
			compatibilityVersion = "Xcode 8.0";
			developmentRegion = en;
			hasScannedForEncodings = 0;
			knownRegions = (
				en,
				Base,
			);
			mainGroup = 61907ACF205947AC00851620;
			productRefGroup = 61907AD9205947AC00851620 /* Products */;
			projectDirPath = "";
			projectRoot = "";
			targets = (
				61907AD7205947AC00851620 /* RxHome Example */,
			);
		};
/* End PBXProject section */

/* Begin PBXResourcesBuildPhase section */
		61907AD6205947AC00851620 /* Resources */ = {
			isa = PBXResourcesBuildPhase;
			buildActionMask = 2147483647;
			files = (
				61907AE6205947AC00851620 /* LaunchScreen.storyboard in Resources */,
				61907AE3205947AC00851620 /* Assets.xcassets in Resources */,
				61907AE1205947AC00851620 /* Main.storyboard in Resources */,
			);
			runOnlyForDeploymentPostprocessing = 0;
		};
/* End PBXResourcesBuildPhase section */

/* Begin PBXSourcesBuildPhase section */
		61907AD4205947AC00851620 /* Sources */ = {
			isa = PBXSourcesBuildPhase;
			buildActionMask = 2147483647;
			files = (
				61907ADE205947AC00851620 /* ViewController.swift in Sources */,
				61907ADC205947AC00851620 /* AppDelegate.swift in Sources */,
			);
			runOnlyForDeploymentPostprocessing = 0;
		};
/* End PBXSourcesBuildPhase section */

/* Begin PBXVariantGroup section */
		61239820205948DC00FE4DB4 /* Main.storyboard */ = {
			isa = PBXVariantGroup;
			children = (
				61239821205948DC00FE4DB4 /* Base */,
			);
			name = Main.storyboard;
			sourceTree = "<group>";
		};
		61239825205948DC00FE4DB4 /* LaunchScreen.storyboard */ = {
			isa = PBXVariantGroup;
			children = (
				61239826205948DC00FE4DB4 /* Base */,
			);
			name = LaunchScreen.storyboard;
			sourceTree = "<group>";
		};
		61907ADF205947AC00851620 /* Main.storyboard */ = {
			isa = PBXVariantGroup;
			children = (
				61907AE0205947AC00851620 /* Base */,
			);
			name = Main.storyboard;
			sourceTree = "<group>";
		};
		61907AE4205947AC00851620 /* LaunchScreen.storyboard */ = {
			isa = PBXVariantGroup;
			children = (
				61907AE5205947AC00851620 /* Base */,
			);
			name = LaunchScreen.storyboard;
			sourceTree = "<group>";
		};
/* End PBXVariantGroup section */

/* Begin XCBuildConfiguration section */
		61907AE8205947AC00851620 /* Debug */ = {
			isa = XCBuildConfiguration;
			buildSettings = {
				ALWAYS_SEARCH_USER_PATHS = NO;
				CLANG_ANALYZER_NONNULL = YES;
				CLANG_ANALYZER_NUMBER_OBJECT_CONVERSION = YES_AGGRESSIVE;
				CLANG_CXX_LANGUAGE_STANDARD = "gnu++14";
				CLANG_CXX_LIBRARY = "libc++";
				CLANG_ENABLE_MODULES = YES;
				CLANG_ENABLE_OBJC_ARC = YES;
				CLANG_WARN_BLOCK_CAPTURE_AUTORELEASING = YES;
				CLANG_WARN_BOOL_CONVERSION = YES;
				CLANG_WARN_COMMA = YES;
				CLANG_WARN_CONSTANT_CONVERSION = YES;
				CLANG_WARN_DIRECT_OBJC_ISA_USAGE = YES_ERROR;
				CLANG_WARN_DOCUMENTATION_COMMENTS = YES;
				CLANG_WARN_EMPTY_BODY = YES;
				CLANG_WARN_ENUM_CONVERSION = YES;
				CLANG_WARN_INFINITE_RECURSION = YES;
				CLANG_WARN_INT_CONVERSION = YES;
				CLANG_WARN_NON_LITERAL_NULL_CONVERSION = YES;
				CLANG_WARN_OBJC_LITERAL_CONVERSION = YES;
				CLANG_WARN_OBJC_ROOT_CLASS = YES_ERROR;
				CLANG_WARN_RANGE_LOOP_ANALYSIS = YES;
				CLANG_WARN_STRICT_PROTOTYPES = YES;
				CLANG_WARN_SUSPICIOUS_MOVE = YES;
				CLANG_WARN_UNGUARDED_AVAILABILITY = YES_AGGRESSIVE;
				CLANG_WARN_UNREACHABLE_CODE = YES;
				CLANG_WARN__DUPLICATE_METHOD_MATCH = YES;
				CODE_SIGN_IDENTITY = "iPhone Developer";
				COPY_PHASE_STRIP = NO;
				DEBUG_INFORMATION_FORMAT = dwarf;
				ENABLE_STRICT_OBJC_MSGSEND = YES;
				ENABLE_TESTABILITY = YES;
				GCC_C_LANGUAGE_STANDARD = gnu11;
				GCC_DYNAMIC_NO_PIC = NO;
				GCC_NO_COMMON_BLOCKS = YES;
				GCC_OPTIMIZATION_LEVEL = 0;
				GCC_PREPROCESSOR_DEFINITIONS = (
					"DEBUG=1",
					"$(inherited)",
				);
				GCC_WARN_64_TO_32_BIT_CONVERSION = YES;
				GCC_WARN_ABOUT_RETURN_TYPE = YES_ERROR;
				GCC_WARN_UNDECLARED_SELECTOR = YES;
				GCC_WARN_UNINITIALIZED_AUTOS = YES_AGGRESSIVE;
				GCC_WARN_UNUSED_FUNCTION = YES;
				GCC_WARN_UNUSED_VARIABLE = YES;
				IPHONEOS_DEPLOYMENT_TARGET = 11.2;
				MTL_ENABLE_DEBUG_INFO = YES;
				ONLY_ACTIVE_ARCH = YES;
				SDKROOT = iphoneos;
				SWIFT_ACTIVE_COMPILATION_CONDITIONS = DEBUG;
				SWIFT_OPTIMIZATION_LEVEL = "-Onone";
			};
			name = Debug;
		};
		61907AE9205947AC00851620 /* Release */ = {
			isa = XCBuildConfiguration;
			buildSettings = {
				ALWAYS_SEARCH_USER_PATHS = NO;
				CLANG_ANALYZER_NONNULL = YES;
				CLANG_ANALYZER_NUMBER_OBJECT_CONVERSION = YES_AGGRESSIVE;
				CLANG_CXX_LANGUAGE_STANDARD = "gnu++14";
				CLANG_CXX_LIBRARY = "libc++";
				CLANG_ENABLE_MODULES = YES;
				CLANG_ENABLE_OBJC_ARC = YES;
				CLANG_WARN_BLOCK_CAPTURE_AUTORELEASING = YES;
				CLANG_WARN_BOOL_CONVERSION = YES;
				CLANG_WARN_COMMA = YES;
				CLANG_WARN_CONSTANT_CONVERSION = YES;
				CLANG_WARN_DIRECT_OBJC_ISA_USAGE = YES_ERROR;
				CLANG_WARN_DOCUMENTATION_COMMENTS = YES;
				CLANG_WARN_EMPTY_BODY = YES;
				CLANG_WARN_ENUM_CONVERSION = YES;
				CLANG_WARN_INFINITE_RECURSION = YES;
				CLANG_WARN_INT_CONVERSION = YES;
				CLANG_WARN_NON_LITERAL_NULL_CONVERSION = YES;
				CLANG_WARN_OBJC_LITERAL_CONVERSION = YES;
				CLANG_WARN_OBJC_ROOT_CLASS = YES_ERROR;
				CLANG_WARN_RANGE_LOOP_ANALYSIS = YES;
				CLANG_WARN_STRICT_PROTOTYPES = YES;
				CLANG_WARN_SUSPICIOUS_MOVE = YES;
				CLANG_WARN_UNGUARDED_AVAILABILITY = YES_AGGRESSIVE;
				CLANG_WARN_UNREACHABLE_CODE = YES;
				CLANG_WARN__DUPLICATE_METHOD_MATCH = YES;
				CODE_SIGN_IDENTITY = "iPhone Developer";
				COPY_PHASE_STRIP = NO;
				DEBUG_INFORMATION_FORMAT = "dwarf-with-dsym";
				ENABLE_NS_ASSERTIONS = NO;
				ENABLE_STRICT_OBJC_MSGSEND = YES;
				GCC_C_LANGUAGE_STANDARD = gnu11;
				GCC_NO_COMMON_BLOCKS = YES;
				GCC_WARN_64_TO_32_BIT_CONVERSION = YES;
				GCC_WARN_ABOUT_RETURN_TYPE = YES_ERROR;
				GCC_WARN_UNDECLARED_SELECTOR = YES;
				GCC_WARN_UNINITIALIZED_AUTOS = YES_AGGRESSIVE;
				GCC_WARN_UNUSED_FUNCTION = YES;
				GCC_WARN_UNUSED_VARIABLE = YES;
				IPHONEOS_DEPLOYMENT_TARGET = 11.2;
				MTL_ENABLE_DEBUG_INFO = NO;
				SDKROOT = iphoneos;
				SWIFT_OPTIMIZATION_LEVEL = "-Owholemodule";
				VALIDATE_PRODUCT = YES;
			};
			name = Release;
		};
		61907AEB205947AC00851620 /* Debug */ = {
			isa = XCBuildConfiguration;
			buildSettings = {
				ASSETCATALOG_COMPILER_APPICON_NAME = AppIcon;
				CODE_SIGN_ENTITLEMENTS = "RxHome Example/RxHome Example.entitlements";
				CODE_SIGN_STYLE = Automatic;
				DEVELOPMENT_TEAM = 687YMLKS9D;
				INFOPLIST_FILE = "RxHome Example/Info.plist";
				LD_RUNPATH_SEARCH_PATHS = "$(inherited) @executable_path/Frameworks";
				PRODUCT_BUNDLE_IDENTIFIER = "com.vaikai.RxHome-Example";
				PRODUCT_NAME = "$(TARGET_NAME)";
				SWIFT_VERSION = 4.0;
				TARGETED_DEVICE_FAMILY = "1,2";
			};
			name = Debug;
		};
		61907AEC205947AC00851620 /* Release */ = {
			isa = XCBuildConfiguration;
			buildSettings = {
				ASSETCATALOG_COMPILER_APPICON_NAME = AppIcon;
				CODE_SIGN_ENTITLEMENTS = "RxHome Example/RxHome Example.entitlements";
				CODE_SIGN_STYLE = Automatic;
				DEVELOPMENT_TEAM = 687YMLKS9D;
				INFOPLIST_FILE = "RxHome Example/Info.plist";
				LD_RUNPATH_SEARCH_PATHS = "$(inherited) @executable_path/Frameworks";
				PRODUCT_BUNDLE_IDENTIFIER = "com.vaikai.RxHome-Example";
				PRODUCT_NAME = "$(TARGET_NAME)";
				SWIFT_VERSION = 4.0;
				TARGETED_DEVICE_FAMILY = "1,2";
			};
			name = Release;
		};
/* End XCBuildConfiguration section */

/* Begin XCConfigurationList section */
		61907AD3205947AC00851620 /* Build configuration list for PBXProject "RxHome Example" */ = {
			isa = XCConfigurationList;
			buildConfigurations = (
				61907AE8205947AC00851620 /* Debug */,
				61907AE9205947AC00851620 /* Release */,
			);
			defaultConfigurationIsVisible = 0;
			defaultConfigurationName = Release;
		};
		61907AEA205947AC00851620 /* Build configuration list for PBXNativeTarget "RxHome Example" */ = {
			isa = XCConfigurationList;
			buildConfigurations = (
				61907AEB205947AC00851620 /* Debug */,
				61907AEC205947AC00851620 /* Release */,
			);
			defaultConfigurationIsVisible = 0;
			defaultConfigurationName = Release;
		};
/* End XCConfigurationList section */
	};
	rootObject = 61907AD0205947AC00851620 /* Project object */;
}
